{
  "object": {
    "pins": [
      {
        "package": "FolksamCommon",
        "repositoryURL": "https://github.com/rashdan/FolksamCommon.git",
        "state": {
          "branch": null,
          "revision": "0726ec5304c8ba374fc3ec0d762d1dc0ada24705",
          "version": "0.1.4"
        }
      }
    ]
  },
  "version": 1
}
