{
  "object": {
    "pins": [
      {
        "package": "FolksamCommon",
        "repositoryURL": "https://github.com/rashdan/FolksamCommon.git",
        "state": {
          "branch": null,
          "revision": "25edd281c4f0a5f37390f56c50fa0de6723d0924",
          "version": "0.1.3"
        }
      }
    ]
  },
  "version": 1
}
